
Microsoft Visual Studio Solution File, Format Version 12.00
# Visual Studio 2013
VisualStudioVersion = 12.0.31101.0
MinimumVisualStudioVersion = 10.0.40219.1
Project("{2150E333-8FDC-42A3-9474-1A3956D46DE8}") = "Web", "Web", "{360B0E85-3339-443E-9D3F-04B6B803351E}"
EndProject
Project("{2150E333-8FDC-42A3-9474-1A3956D46DE8}") = "Common", "Common", "{44D5F899-0DEA-4785-A113-417B81980C76}"
EndProject
Project("{2150E333-8FDC-42A3-9474-1A3956D46DE8}") = "Data", "Data", "{97C0D3A4-4E91-4DEA-90D8-E38935A5F495}"
EndProject
Project("{FAE04EC0-301F-11D3-BF4B-00C04F79EFBC}") = "Exam.Data", "Exam.Data\Exam.Data.csproj", "{D380F3A5-1FD2-4BB0-AA96-710CA19F4A71}"
EndProject
Project("{FAE04EC0-301F-11D3-BF4B-00C04F79EFBC}") = "Exam.Models", "Exam.Models\Exam.Models.csproj", "{281DEDE5-719C-4CEB-9941-E613ECC0F89A}"
EndProject
Project("{FAE04EC0-301F-11D3-BF4B-00C04F79EFBC}") = "Exam.App", "Exam.App\Exam.App.csproj", "{BD04BF42-3862-4671-BA86-7CE5BB743FFA}"
EndProject
Project("{FAE04EC0-301F-11D3-BF4B-00C04F79EFBC}") = "Exam.Common", "Exam.GlobalConstants\Exam.Common.csproj", "{41894780-2E88-4587-BDA7-3C37861DAE3A}"
EndProject
Global
	GlobalSection(SolutionConfigurationPlatforms) = preSolution
		Debug|Any CPU = Debug|Any CPU
		Release|Any CPU = Release|Any CPU
	EndGlobalSection
	GlobalSection(ProjectConfigurationPlatforms) = postSolution
		{D380F3A5-1FD2-4BB0-AA96-710CA19F4A71}.Debug|Any CPU.ActiveCfg = Debug|Any CPU
		{D380F3A5-1FD2-4BB0-AA96-710CA19F4A71}.Debug|Any CPU.Build.0 = Debug|Any CPU
		{D380F3A5-1FD2-4BB0-AA96-710CA19F4A71}.Release|Any CPU.ActiveCfg = Release|Any CPU
		{D380F3A5-1FD2-4BB0-AA96-710CA19F4A71}.Release|Any CPU.Build.0 = Release|Any CPU
		{281DEDE5-719C-4CEB-9941-E613ECC0F89A}.Debug|Any CPU.ActiveCfg = Debug|Any CPU
		{281DEDE5-719C-4CEB-9941-E613ECC0F89A}.Debug|Any CPU.Build.0 = Debug|Any CPU
		{281DEDE5-719C-4CEB-9941-E613ECC0F89A}.Release|Any CPU.ActiveCfg = Release|Any CPU
		{281DEDE5-719C-4CEB-9941-E613ECC0F89A}.Release|Any CPU.Build.0 = Release|Any CPU
		{BD04BF42-3862-4671-BA86-7CE5BB743FFA}.Debug|Any CPU.ActiveCfg = Debug|Any CPU
		{BD04BF42-3862-4671-BA86-7CE5BB743FFA}.Debug|Any CPU.Build.0 = Debug|Any CPU
		{BD04BF42-3862-4671-BA86-7CE5BB743FFA}.Release|Any CPU.ActiveCfg = Release|Any CPU
		{BD04BF42-3862-4671-BA86-7CE5BB743FFA}.Release|Any CPU.Build.0 = Release|Any CPU
		{41894780-2E88-4587-BDA7-3C37861DAE3A}.Debug|Any CPU.ActiveCfg = Debug|Any CPU
		{41894780-2E88-4587-BDA7-3C37861DAE3A}.Debug|Any CPU.Build.0 = Debug|Any CPU
		{41894780-2E88-4587-BDA7-3C37861DAE3A}.Release|Any CPU.ActiveCfg = Release|Any CPU
		{41894780-2E88-4587-BDA7-3C37861DAE3A}.Release|Any CPU.Build.0 = Release|Any CPU
	EndGlobalSection
	GlobalSection(SolutionProperties) = preSolution
		HideSolutionNode = FALSE
	EndGlobalSection
	GlobalSection(NestedProjects) = preSolution
		{D380F3A5-1FD2-4BB0-AA96-710CA19F4A71} = {97C0D3A4-4E91-4DEA-90D8-E38935A5F495}
		{281DEDE5-719C-4CEB-9941-E613ECC0F89A} = {97C0D3A4-4E91-4DEA-90D8-E38935A5F495}
		{BD04BF42-3862-4671-BA86-7CE5BB743FFA} = {360B0E85-3339-443E-9D3F-04B6B803351E}
		{41894780-2E88-4587-BDA7-3C37861DAE3A} = {44D5F899-0DEA-4785-A113-417B81980C76}
	EndGlobalSection
EndGlobal
